
Microsoft Visual Studio Solution File, Format Version 12.00
# Visual Studio Version 16
VisualStudioVersion = 16.0.28803.452
MinimumVisualStudioVersion = 10.0.40219.1
Project("{FAE04EC0-301F-11D3-BF4B-00C04F79EFBC}") = "PokerGameExam", "PokerGameExam\PokerGameExam.csproj", "{73367F1E-03E8-4A70-8039-0F997BDCC1C8}"
EndProject
Project("{FAE04EC0-301F-11D3-BF4B-00C04F79EFBC}") = "MyLibrary", "MyLibrary\MyLibrary.csproj", "{175EA2E2-172E-4D50-9960-AAFBBAA27E44}"
EndProject
Project("{FAE04EC0-301F-11D3-BF4B-00C04F79EFBC}") = "PokerGameExamTests", "PokerGameExamTests\PokerGameExamTests.csproj", "{24F5B9CA-9207-4834-873F-7E88EE0C8F3C}"
EndProject
Global
	GlobalSection(SolutionConfigurationPlatforms) = preSolution
		Debug|Any CPU = Debug|Any CPU
		Release|Any CPU = Release|Any CPU
	EndGlobalSection
	GlobalSection(ProjectConfigurationPlatforms) = postSolution
		{73367F1E-03E8-4A70-8039-0F997BDCC1C8}.Debug|Any CPU.ActiveCfg = Debug|Any CPU
		{73367F1E-03E8-4A70-8039-0F997BDCC1C8}.Debug|Any CPU.Build.0 = Debug|Any CPU
		{73367F1E-03E8-4A70-8039-0F997BDCC1C8}.Release|Any CPU.ActiveCfg = Release|Any CPU
		{73367F1E-03E8-4A70-8039-0F997BDCC1C8}.Release|Any CPU.Build.0 = Release|Any CPU
		{175EA2E2-172E-4D50-9960-AAFBBAA27E44}.Debug|Any CPU.ActiveCfg = Debug|Any CPU
		{175EA2E2-172E-4D50-9960-AAFBBAA27E44}.Debug|Any CPU.Build.0 = Debug|Any CPU
		{175EA2E2-172E-4D50-9960-AAFBBAA27E44}.Release|Any CPU.ActiveCfg = Release|Any CPU
		{175EA2E2-172E-4D50-9960-AAFBBAA27E44}.Release|Any CPU.Build.0 = Release|Any CPU
		{24F5B9CA-9207-4834-873F-7E88EE0C8F3C}.Debug|Any CPU.ActiveCfg = Debug|Any CPU
		{24F5B9CA-9207-4834-873F-7E88EE0C8F3C}.Debug|Any CPU.Build.0 = Debug|Any CPU
		{24F5B9CA-9207-4834-873F-7E88EE0C8F3C}.Release|Any CPU.ActiveCfg = Release|Any CPU
		{24F5B9CA-9207-4834-873F-7E88EE0C8F3C}.Release|Any CPU.Build.0 = Release|Any CPU
	EndGlobalSection
	GlobalSection(SolutionProperties) = preSolution
		HideSolutionNode = FALSE
	EndGlobalSection
	GlobalSection(ExtensibilityGlobals) = postSolution
		SolutionGuid = {B6E86FD6-7309-4305-A320-C8C779DEFCF6}
	EndGlobalSection
EndGlobal
